
Microsoft Visual Studio Solution File, Format Version 12.00
# Visual Studio 15
VisualStudioVersion = 15.0.28306.52
MinimumVisualStudioVersion = 10.0.40219.1
Project("{8BC9CEB8-8B4A-11D0-8D11-00A0C91BC942}") = "String Construction", "String Construction.vcxproj", "{1716520C-6CC0-4CAE-933C-E0F4322309BF}"
EndProject
Global
	GlobalSection(SolutionConfigurationPlatforms) = preSolution
		Debug|x86 = Debug|x86
		Release|x86 = Release|x86
	EndGlobalSection
	GlobalSection(ProjectConfigurationPlatforms) = postSolution
		{1716520C-6CC0-4CAE-933C-E0F4322309BF}.Debug|x86.ActiveCfg = Debug|Win32
		{1716520C-6CC0-4CAE-933C-E0F4322309BF}.Debug|x86.Build.0 = Debug|Win32
		{1716520C-6CC0-4CAE-933C-E0F4322309BF}.Release|x86.ActiveCfg = Release|Win32
		{1716520C-6CC0-4CAE-933C-E0F4322309BF}.Release|x86.Build.0 = Release|Win32
	EndGlobalSection
	GlobalSection(SolutionProperties) = preSolution
		HideSolutionNode = FALSE
	EndGlobalSection
	GlobalSection(ExtensibilityGlobals) = postSolution
		SolutionGuid = {E976214D-F0D2-4AE9-9818-525AE8812D30}
	EndGlobalSection
EndGlobal
